Microsoft Visual Studio Solution File, Format Version 12.00
# Visual Studio Version 17
VisualStudioVersion = 17.10.34928.147
MinimumVisualStudioVersion = 10.0.40219.1
Project("{9A19103F-16F7-4668-BE54-9A1E7A4F7556}") = "OtherSideCore.Domain", "OtherSideCore.Domain\OtherSideCore.Domain.csproj", "{4596098A-7D06-464E-93A5-E42DA472F72C}"
EndProject
Project("{9A19103F-16F7-4668-BE54-9A1E7A4F7556}") = "OtherSideCore.Infrastructure", "OtherSideCore.Infrastructure\OtherSideCore.Infrastructure.csproj", "{DDD0C79B-17EB-4A15-9BCB-E984495B7D3D}"
EndProject
Project("{9A19103F-16F7-4668-BE54-9A1E7A4F7556}") = "OtherSideCore.Application", "OtherSideCore.Application\OtherSideCore.Application.csproj", "{3A1DC140-3181-4D48-8A28-9ABDE33FCECB}"
EndProject
Project("{FAE04EC0-301F-11D3-BF4B-00C04F79EFBC}") = "OtherSideCore.Adapter.Web", "OtherSideCore.Adapter.Web\OtherSideCore.Adapter.Web.csproj", "{061DEF42-7408-39EF-2CFB-A4B19A2F870B}"
EndProject
Project("{FAE04EC0-301F-11D3-BF4B-00C04F79EFBC}") = "OtherSideCore.Bootstrapper.Web", "OtherSideCore.Bootstrapper.Web\OtherSideCore.Bootstrapper.Web.csproj", "{E036BCC7-1992-D49F-D4B1-43FC6CABB954}"
EndProject
Project("{FAE04EC0-301F-11D3-BF4B-00C04F79EFBC}") = "OtherSideCore.Contracts", "OtherSideCore.Contracts\OtherSideCore.Contracts.csproj", "{755D7D8D-021D-024A-2558-B2EF794B773F}"
EndProject
Project("{FAE04EC0-301F-11D3-BF4B-00C04F79EFBC}") = "OtherSideCore.WebUI", "OtherSideCore.WebUI\OtherSideCore.WebUI.csproj", "{FD90F30D-45ED-C87F-BCF9-5AED7CB75340}"
EndProject
Global
	GlobalSection(SolutionConfigurationPlatforms) = preSolution
		Debug|Any CPU = Debug|Any CPU
		Release|Any CPU = Release|Any CPU
	EndGlobalSection
	GlobalSection(ProjectConfigurationPlatforms) = postSolution
		{4596098A-7D06-464E-93A5-E42DA472F72C}.Debug|Any CPU.ActiveCfg = Debug|Any CPU
		{4596098A-7D06-464E-93A5-E42DA472F72C}.Debug|Any CPU.Build.0 = Debug|Any CPU
		{4596098A-7D06-464E-93A5-E42DA472F72C}.Release|Any CPU.ActiveCfg = Release|Any CPU
		{4596098A-7D06-464E-93A5-E42DA472F72C}.Release|Any CPU.Build.0 = Release|Any CPU
		{DDD0C79B-17EB-4A15-9BCB-E984495B7D3D}.Debug|Any CPU.ActiveCfg = Debug|Any CPU
		{DDD0C79B-17EB-4A15-9BCB-E984495B7D3D}.Debug|Any CPU.Build.0 = Debug|Any CPU
		{DDD0C79B-17EB-4A15-9BCB-E984495B7D3D}.Release|Any CPU.ActiveCfg = Release|Any CPU
		{DDD0C79B-17EB-4A15-9BCB-E984495B7D3D}.Release|Any CPU.Build.0 = Release|Any CPU
		{3A1DC140-3181-4D48-8A28-9ABDE33FCECB}.Debug|Any CPU.ActiveCfg = Debug|Any CPU
		{3A1DC140-3181-4D48-8A28-9ABDE33FCECB}.Debug|Any CPU.Build.0 = Debug|Any CPU
		{3A1DC140-3181-4D48-8A28-9ABDE33FCECB}.Release|Any CPU.ActiveCfg = Release|Any CPU
		{3A1DC140-3181-4D48-8A28-9ABDE33FCECB}.Release|Any CPU.Build.0 = Release|Any CPU
		{061DEF42-7408-39EF-2CFB-A4B19A2F870B}.Debug|Any CPU.ActiveCfg = Debug|Any CPU
		{061DEF42-7408-39EF-2CFB-A4B19A2F870B}.Debug|Any CPU.Build.0 = Debug|Any CPU
		{061DEF42-7408-39EF-2CFB-A4B19A2F870B}.Release|Any CPU.ActiveCfg = Release|Any CPU
		{061DEF42-7408-39EF-2CFB-A4B19A2F870B}.Release|Any CPU.Build.0 = Release|Any CPU
		{E036BCC7-1992-D49F-D4B1-43FC6CABB954}.Debug|Any CPU.ActiveCfg = Debug|Any CPU
		{E036BCC7-1992-D49F-D4B1-43FC6CABB954}.Debug|Any CPU.Build.0 = Debug|Any CPU
		{E036BCC7-1992-D49F-D4B1-43FC6CABB954}.Release|Any CPU.ActiveCfg = Release|Any CPU
		{E036BCC7-1992-D49F-D4B1-43FC6CABB954}.Release|Any CPU.Build.0 = Release|Any CPU
		{755D7D8D-021D-024A-2558-B2EF794B773F}.Debug|Any CPU.ActiveCfg = Debug|Any CPU
		{755D7D8D-021D-024A-2558-B2EF794B773F}.Debug|Any CPU.Build.0 = Debug|Any CPU
		{755D7D8D-021D-024A-2558-B2EF794B773F}.Release|Any CPU.ActiveCfg = Release|Any CPU
		{755D7D8D-021D-024A-2558-B2EF794B773F}.Release|Any CPU.Build.0 = Release|Any CPU
		{FD90F30D-45ED-C87F-BCF9-5AED7CB75340}.Debug|Any CPU.ActiveCfg = Debug|Any CPU
		{FD90F30D-45ED-C87F-BCF9-5AED7CB75340}.Debug|Any CPU.Build.0 = Debug|Any CPU
		{FD90F30D-45ED-C87F-BCF9-5AED7CB75340}.Release|Any CPU.ActiveCfg = Release|Any CPU
		{FD90F30D-45ED-C87F-BCF9-5AED7CB75340}.Release|Any CPU.Build.0 = Release|Any CPU
	EndGlobalSection
	GlobalSection(SolutionProperties) = preSolution
		HideSolutionNode = FALSE
	EndGlobalSection
	GlobalSection(ExtensibilityGlobals) = postSolution
		SolutionGuid = {CB309018-D319-4EC2-8C81-8C5EF5FA3CE9}
	EndGlobalSection
EndGlobal
